// !$*UTF8*$!
{
	archiveVersion = 1;
	classes = {
	};
	objectVersion = 50;
	objects = {

/* Begin PBXBuildFile section */
		BD0FDD102492353F001D6D48 /* nfl.json in Resources */ = {isa = PBXBuildFile; fileRef = BD0FDD0F2492353F001D6D48 /* nfl.json */; };
		BD0FDD122492355E001D6D48 /* JsonParser.swift in Sources */ = {isa = PBXBuildFile; fileRef = BD0FDD112492355E001D6D48 /* JsonParser.swift */; };
		BDAE579824923C7F00E85253 /* DetailViewController.swift in Sources */ = {isa = PBXBuildFile; fileRef = BDAE579724923C7F00E85253 /* DetailViewController.swift */; };
		BDC0C57D24894ECF0034DC36 /* AppDelegate.swift in Sources */ = {isa = PBXBuildFile; fileRef = BDC0C57C24894ECF0034DC36 /* AppDelegate.swift */; };
		BDC0C57F24894ECF0034DC36 /* SceneDelegate.swift in Sources */ = {isa = PBXBuildFile; fileRef = BDC0C57E24894ECF0034DC36 /* SceneDelegate.swift */; };
		BDC0C58124894ECF0034DC36 /* ViewController.swift in Sources */ = {isa = PBXBuildFile; fileRef = BDC0C58024894ECF0034DC36 /* ViewController.swift */; };
		BDC0C58424894ECF0034DC36 /* Main.storyboard in Resources */ = {isa = PBXBuildFile; fileRef = BDC0C58224894ECF0034DC36 /* Main.storyboard */; };
		BDC0C58624894ED60034DC36 /* Assets.xcassets in Resources */ = {isa = PBXBuildFile; fileRef = BDC0C58524894ED60034DC36 /* Assets.xcassets */; };
		BDC0C58924894ED60034DC36 /* LaunchScreen.storyboard in Resources */ = {isa = PBXBuildFile; fileRef = BDC0C58724894ED60034DC36 /* LaunchScreen.storyboard */; };
		BDC0C59524894F7E0034DC36 /* Team.swift in Sources */ = {isa = PBXBuildFile; fileRef = BDC0C59424894F7E0034DC36 /* Team.swift */; };
		BDC0C597248952D80034DC36 /* UIViewExtension.swift in Sources */ = {isa = PBXBuildFile; fileRef = BDC0C596248952D80034DC36 /* UIViewExtension.swift */; };
		BDC0C599248A474E0034DC36 /* Constantes.swift in Sources */ = {isa = PBXBuildFile; fileRef = BDC0C598248A474E0034DC36 /* Constantes.swift */; };
		BDC0C59B248A495D0034DC36 /* TeamCell.swift in Sources */ = {isa = PBXBuildFile; fileRef = BDC0C59A248A495D0034DC36 /* TeamCell.swift */; };
/* End PBXBuildFile section */

/* Begin PBXFileReference section */
		BD0FDD0F2492353F001D6D48 /* nfl.json */ = {isa = PBXFileReference; fileEncoding = 4; lastKnownFileType = text.json; path = nfl.json; sourceTree = "<group>"; };
		BD0FDD112492355E001D6D48 /* JsonParser.swift */ = {isa = PBXFileReference; lastKnownFileType = sourcecode.swift; path = JsonParser.swift; sourceTree = "<group>"; };
		BDAE579724923C7F00E85253 /* DetailViewController.swift */ = {isa = PBXFileReference; lastKnownFileType = sourcecode.swift; path = DetailViewController.swift; sourceTree = "<group>"; };
		BDC0C57924894ECF0034DC36 /* collectionView_team.app */ = {isa = PBXFileReference; explicitFileType = wrapper.application; includeInIndex = 0; path = collectionView_team.app; sourceTree = BUILT_PRODUCTS_DIR; };
		BDC0C57C24894ECF0034DC36 /* AppDelegate.swift */ = {isa = PBXFileReference; lastKnownFileType = sourcecode.swift; path = AppDelegate.swift; sourceTree = "<group>"; };
		BDC0C57E24894ECF0034DC36 /* SceneDelegate.swift */ = {isa = PBXFileReference; lastKnownFileType = sourcecode.swift; path = SceneDelegate.swift; sourceTree = "<group>"; };
		BDC0C58024894ECF0034DC36 /* ViewController.swift */ = {isa = PBXFileReference; lastKnownFileType = sourcecode.swift; path = ViewController.swift; sourceTree = "<group>"; };
		BDC0C58324894ECF0034DC36 /* Base */ = {isa = PBXFileReference; lastKnownFileType = file.storyboard; name = Base; path = Base.lproj/Main.storyboard; sourceTree = "<group>"; };
		BDC0C58524894ED60034DC36 /* Assets.xcassets */ = {isa = PBXFileReference; lastKnownFileType = folder.assetcatalog; path = Assets.xcassets; sourceTree = "<group>"; };
		BDC0C58824894ED60034DC36 /* Base */ = {isa = PBXFileReference; lastKnownFileType = file.storyboard; name = Base; path = Base.lproj/LaunchScreen.storyboard; sourceTree = "<group>"; };
		BDC0C58A24894ED60034DC36 /* Info.plist */ = {isa = PBXFileReference; lastKnownFileType = text.plist.xml; path = Info.plist; sourceTree = "<group>"; };
		BDC0C59424894F7E0034DC36 /* Team.swift */ = {isa = PBXFileReference; lastKnownFileType = sourcecode.swift; path = Team.swift; sourceTree = "<group>"; };
		BDC0C596248952D80034DC36 /* UIViewExtension.swift */ = {isa = PBXFileReference; lastKnownFileType = sourcecode.swift; path = UIViewExtension.swift; sourceTree = "<group>"; };
		BDC0C598248A474E0034DC36 /* Constantes.swift */ = {isa = PBXFileReference; lastKnownFileType = sourcecode.swift; path = Constantes.swift; sourceTree = "<group>"; };
		BDC0C59A248A495D0034DC36 /* TeamCell.swift */ = {isa = PBXFileReference; lastKnownFileType = sourcecode.swift; path = TeamCell.swift; sourceTree = "<group>"; };
/* End PBXFileReference section */

/* Begin PBXFrameworksBuildPhase section */
		BDC0C57624894ECF0034DC36 /* Frameworks */ = {
			isa = PBXFrameworksBuildPhase;
			buildActionMask = 2147483647;
			files = (
			);
			runOnlyForDeploymentPostprocessing = 0;
		};
/* End PBXFrameworksBuildPhase section */

/* Begin PBXGroup section */
		BDC0C57024894ECE0034DC36 = {
			isa = PBXGroup;
			children = (
				BDC0C57B24894ECF0034DC36 /* collectionView_team */,
				BDC0C57A24894ECF0034DC36 /* Products */,
			);
			sourceTree = "<group>";
		};
		BDC0C57A24894ECF0034DC36 /* Products */ = {
			isa = PBXGroup;
			children = (
				BDC0C57924894ECF0034DC36 /* collectionView_team.app */,
			);
			name = Products;
			sourceTree = "<group>";
		};
		BDC0C57B24894ECF0034DC36 /* collectionView_team */ = {
			isa = PBXGroup;
			children = (
				BDC0C59324894EF00034DC36 /* Supporting files */,
				BDC0C59024894EE00034DC36 /* Model */,
				BDC0C59124894EE50034DC36 /* View */,
				BDC0C59224894EE90034DC36 /* Controller */,
			);
			path = collectionView_team;
			sourceTree = "<group>";
		};
		BDC0C59024894EE00034DC36 /* Model */ = {
			isa = PBXGroup;
			children = (
				BDC0C59424894F7E0034DC36 /* Team.swift */,
				BD0FDD112492355E001D6D48 /* JsonParser.swift */,
			);
			path = Model;
			sourceTree = "<group>";
		};
		BDC0C59124894EE50034DC36 /* View */ = {
			isa = PBXGroup;
			children = (
				BDC0C58224894ECF0034DC36 /* Main.storyboard */,
				BDC0C596248952D80034DC36 /* UIViewExtension.swift */,
				BDC0C59A248A495D0034DC36 /* TeamCell.swift */,
			);
			path = View;
			sourceTree = "<group>";
		};
		BDC0C59224894EE90034DC36 /* Controller */ = {
			isa = PBXGroup;
			children = (
				BDC0C58024894ECF0034DC36 /* ViewController.swift */,
				BDAE579724923C7F00E85253 /* DetailViewController.swift */,
			);
			path = Controller;
			sourceTree = "<group>";
		};
		BDC0C59324894EF00034DC36 /* Supporting files */ = {
			isa = PBXGroup;
			children = (
				BD0FDD0F2492353F001D6D48 /* nfl.json */,
				BDC0C57C24894ECF0034DC36 /* AppDelegate.swift */,
				BDC0C57E24894ECF0034DC36 /* SceneDelegate.swift */,
				BDC0C58524894ED60034DC36 /* Assets.xcassets */,
				BDC0C58724894ED60034DC36 /* LaunchScreen.storyboard */,
				BDC0C58A24894ED60034DC36 /* Info.plist */,
				BDC0C598248A474E0034DC36 /* Constantes.swift */,
			);
			path = "Supporting files";
			sourceTree = "<group>";
		};
/* End PBXGroup section */

/* Begin PBXNativeTarget section */
		BDC0C57824894ECF0034DC36 /* collectionView_team */ = {
			isa = PBXNativeTarget;
			buildConfigurationList = BDC0C58D24894ED60034DC36 /* Build configuration list for PBXNativeTarget "collectionView_team" */;
			buildPhases = (
				BDC0C57524894ECF0034DC36 /* Sources */,
				BDC0C57624894ECF0034DC36 /* Frameworks */,
				BDC0C57724894ECF0034DC36 /* Resources */,
			);
			buildRules = (
			);
			dependencies = (
			);
			name = collectionView_team;
			productName = collectionView_team;
			productReference = BDC0C57924894ECF0034DC36 /* collectionView_team.app */;
			productType = "com.apple.product-type.application";
		};
/* End PBXNativeTarget section */

/* Begin PBXProject section */
		BDC0C57124894ECE0034DC36 /* Project object */ = {
			isa = PBXProject;
			attributes = {
				LastSwiftUpdateCheck = 1150;
				LastUpgradeCheck = 1150;
				ORGANIZATIONNAME = "Caroline Zaini";
				TargetAttributes = {
					BDC0C57824894ECF0034DC36 = {
						CreatedOnToolsVersion = 11.5;
					};
				};
			};
			buildConfigurationList = BDC0C57424894ECF0034DC36 /* Build configuration list for PBXProject "collectionView_team" */;
			compatibilityVersion = "Xcode 9.3";
			developmentRegion = en;
			hasScannedForEncodings = 0;
			knownRegions = (
				en,
				Base,
			);
			mainGroup = BDC0C57024894ECE0034DC36;
			productRefGroup = BDC0C57A24894ECF0034DC36 /* Products */;
			projectDirPath = "";
			projectRoot = "";
			targets = (
				BDC0C57824894ECF0034DC36 /* collectionView_team */,
			);
		};
/* End PBXProject section */

/* Begin PBXResourcesBuildPhase section */
		BDC0C57724894ECF0034DC36 /* Resources */ = {
			isa = PBXResourcesBuildPhase;
			buildActionMask = 2147483647;
			files = (
				BD0FDD102492353F001D6D48 /* nfl.json in Resources */,
				BDC0C58924894ED60034DC36 /* LaunchScreen.storyboard in Resources */,
				BDC0C58624894ED60034DC36 /* Assets.xcassets in Resources */,
				BDC0C58424894ECF0034DC36 /* Main.storyboard in Resources */,
			);
			runOnlyForDeploymentPostprocessing = 0;
		};
/* End PBXResourcesBuildPhase section */

/* Begin PBXSourcesBuildPhase section */
		BDC0C57524894ECF0034DC36 /* Sources */ = {
			isa = PBXSourcesBuildPhase;
			buildActionMask = 2147483647;
			files = (
				BDAE579824923C7F00E85253 /* DetailViewController.swift in Sources */,
				BDC0C597248952D80034DC36 /* UIViewExtension.swift in Sources */,
				BDC0C59524894F7E0034DC36 /* Team.swift in Sources */,
				BD0FDD122492355E001D6D48 /* JsonParser.swift in Sources */,
				BDC0C58124894ECF0034DC36 /* ViewController.swift in Sources */,
				BDC0C59B248A495D0034DC36 /* TeamCell.swift in Sources */,
				BDC0C57D24894ECF0034DC36 /* AppDelegate.swift in Sources */,
				BDC0C57F24894ECF0034DC36 /* SceneDelegate.swift in Sources */,
				BDC0C599248A474E0034DC36 /* Constantes.swift in Sources */,
			);
			runOnlyForDeploymentPostprocessing = 0;
		};
/* End PBXSourcesBuildPhase section */

/* Begin PBXVariantGroup section */
		BDC0C58224894ECF0034DC36 /* Main.storyboard */ = {
			isa = PBXVariantGroup;
			children = (
				BDC0C58324894ECF0034DC36 /* Base */,
			);
			name = Main.storyboard;
			sourceTree = "<group>";
		};
		BDC0C58724894ED60034DC36 /* LaunchScreen.storyboard */ = {
			isa = PBXVariantGroup;
			children = (
				BDC0C58824894ED60034DC36 /* Base */,
			);
			name = LaunchScreen.storyboard;
			sourceTree = "<group>";
		};
/* End PBXVariantGroup section */

/* Begin XCBuildConfiguration section */
		BDC0C58B24894ED60034DC36 /* Debug */ = {
			isa = XCBuildConfiguration;
			buildSettings = {
				ALWAYS_SEARCH_USER_PATHS = NO;
				CLANG_ANALYZER_NONNULL = YES;
				CLANG_ANALYZER_NUMBER_OBJECT_CONVERSION = YES_AGGRESSIVE;
				CLANG_CXX_LANGUAGE_STANDARD = "gnu++14";
				CLANG_CXX_LIBRARY = "libc++";
				CLANG_ENABLE_MODULES = YES;
				CLANG_ENABLE_OBJC_ARC = YES;
				CLANG_ENABLE_OBJC_WEAK = YES;
				CLANG_WARN_BLOCK_CAPTURE_AUTORELEASING = YES;
				CLANG_WARN_BOOL_CONVERSION = YES;
				CLANG_WARN_COMMA = YES;
				CLANG_WARN_CONSTANT_CONVERSION = YES;
				CLANG_WARN_DEPRECATED_OBJC_IMPLEMENTATIONS = YES;
				CLANG_WARN_DIRECT_OBJC_ISA_USAGE = YES_ERROR;
				CLANG_WARN_DOCUMENTATION_COMMENTS = YES;
				CLANG_WARN_EMPTY_BODY = YES;
				CLANG_WARN_ENUM_CONVERSION = YES;
				CLANG_WARN_INFINITE_RECURSION = YES;
				CLANG_WARN_INT_CONVERSION = YES;
				CLANG_WARN_NON_LITERAL_NULL_CONVERSION = YES;
				CLANG_WARN_OBJC_IMPLICIT_RETAIN_SELF = YES;
				CLANG_WARN_OBJC_LITERAL_CONVERSION = YES;
				CLANG_WARN_OBJC_ROOT_CLASS = YES_ERROR;
				CLANG_WARN_RANGE_LOOP_ANALYSIS = YES;
				CLANG_WARN_STRICT_PROTOTYPES = YES;
				CLANG_WARN_SUSPICIOUS_MOVE = YES;
				CLANG_WARN_UNGUARDED_AVAILABILITY = YES_AGGRESSIVE;
				CLANG_WARN_UNREACHABLE_CODE = YES;
				CLANG_WARN__DUPLICATE_METHOD_MATCH = YES;
				COPY_PHASE_STRIP = NO;
				DEBUG_INFORMATION_FORMAT = dwarf;
				ENABLE_STRICT_OBJC_MSGSEND = YES;
				ENABLE_TESTABILITY = YES;
				GCC_C_LANGUAGE_STANDARD = gnu11;
				GCC_DYNAMIC_NO_PIC = NO;
				GCC_NO_COMMON_BLOCKS = YES;
				GCC_OPTIMIZATION_LEVEL = 0;
				GCC_PREPROCESSOR_DEFINITIONS = (
					"DEBUG=1",
					"$(inherited)",
				);
				GCC_WARN_64_TO_32_BIT_CONVERSION = YES;
				GCC_WARN_ABOUT_RETURN_TYPE = YES_ERROR;
				GCC_WARN_UNDECLARED_SELECTOR = YES;
				GCC_WARN_UNINITIALIZED_AUTOS = YES_AGGRESSIVE;
				GCC_WARN_UNUSED_FUNCTION = YES;
				GCC_WARN_UNUSED_VARIABLE = YES;
				IPHONEOS_DEPLOYMENT_TARGET = 13.5;
				MTL_ENABLE_DEBUG_INFO = INCLUDE_SOURCE;
				MTL_FAST_MATH = YES;
				ONLY_ACTIVE_ARCH = YES;
				SDKROOT = iphoneos;
				SWIFT_ACTIVE_COMPILATION_CONDITIONS = DEBUG;
				SWIFT_OPTIMIZATION_LEVEL = "-Onone";
			};
			name = Debug;
		};
		BDC0C58C24894ED60034DC36 /* Release */ = {
			isa = XCBuildConfiguration;
			buildSettings = {
				ALWAYS_SEARCH_USER_PATHS = NO;
				CLANG_ANALYZER_NONNULL = YES;
				CLANG_ANALYZER_NUMBER_OBJECT_CONVERSION = YES_AGGRESSIVE;
				CLANG_CXX_LANGUAGE_STANDARD = "gnu++14";
				CLANG_CXX_LIBRARY = "libc++";
				CLANG_ENABLE_MODULES = YES;
				CLANG_ENABLE_OBJC_ARC = YES;
				CLANG_ENABLE_OBJC_WEAK = YES;
				CLANG_WARN_BLOCK_CAPTURE_AUTORELEASING = YES;
				CLANG_WARN_BOOL_CONVERSION = YES;
				CLANG_WARN_COMMA = YES;
				CLANG_WARN_CONSTANT_CONVERSION = YES;
				CLANG_WARN_DEPRECATED_OBJC_IMPLEMENTATIONS = YES;
				CLANG_WARN_DIRECT_OBJC_ISA_USAGE = YES_ERROR;
				CLANG_WARN_DOCUMENTATION_COMMENTS = YES;
				CLANG_WARN_EMPTY_BODY = YES;
				CLANG_WARN_ENUM_CONVERSION = YES;
				CLANG_WARN_INFINITE_RECURSION = YES;
				CLANG_WARN_INT_CONVERSION = YES;
				CLANG_WARN_NON_LITERAL_NULL_CONVERSION = YES;
				CLANG_WARN_OBJC_IMPLICIT_RETAIN_SELF = YES;
				CLANG_WARN_OBJC_LITERAL_CONVERSION = YES;
				CLANG_WARN_OBJC_ROOT_CLASS = YES_ERROR;
				CLANG_WARN_RANGE_LOOP_ANALYSIS = YES;
				CLANG_WARN_STRICT_PROTOTYPES = YES;
				CLANG_WARN_SUSPICIOUS_MOVE = YES;
				CLANG_WARN_UNGUARDED_AVAILABILITY = YES_AGGRESSIVE;
				CLANG_WARN_UNREACHABLE_CODE = YES;
				CLANG_WARN__DUPLICATE_METHOD_MATCH = YES;
				COPY_PHASE_STRIP = NO;
				DEBUG_INFORMATION_FORMAT = "dwarf-with-dsym";
				ENABLE_NS_ASSERTIONS = NO;
				ENABLE_STRICT_OBJC_MSGSEND = YES;
				GCC_C_LANGUAGE_STANDARD = gnu11;
				GCC_NO_COMMON_BLOCKS = YES;
				GCC_WARN_64_TO_32_BIT_CONVERSION = YES;
				GCC_WARN_ABOUT_RETURN_TYPE = YES_ERROR;
				GCC_WARN_UNDECLARED_SELECTOR = YES;
				GCC_WARN_UNINITIALIZED_AUTOS = YES_AGGRESSIVE;
				GCC_WARN_UNUSED_FUNCTION = YES;
				GCC_WARN_UNUSED_VARIABLE = YES;
				IPHONEOS_DEPLOYMENT_TARGET = 13.5;
				MTL_ENABLE_DEBUG_INFO = NO;
				MTL_FAST_MATH = YES;
				SDKROOT = iphoneos;
				SWIFT_COMPILATION_MODE = wholemodule;
				SWIFT_OPTIMIZATION_LEVEL = "-O";
				VALIDATE_PRODUCT = YES;
			};
			name = Release;
		};
		BDC0C58E24894ED60034DC36 /* Debug */ = {
			isa = XCBuildConfiguration;
			buildSettings = {
				ASSETCATALOG_COMPILER_APPICON_NAME = AppIcon;
				CODE_SIGN_STYLE = Automatic;
				INFOPLIST_FILE = "$(SRCROOT)/collectionView_team/Supporting files/Info.plist";
				LD_RUNPATH_SEARCH_PATHS = (
					"$(inherited)",
					"@executable_path/Frameworks",
				);
				PRODUCT_BUNDLE_IDENTIFIER = "fr.carolinezaini.collectionView-team";
				PRODUCT_NAME = "$(TARGET_NAME)";
				SWIFT_VERSION = 5.0;
				TARGETED_DEVICE_FAMILY = "1,2";
			};
			name = Debug;
		};
		BDC0C58F24894ED60034DC36 /* Release */ = {
			isa = XCBuildConfiguration;
			buildSettings = {
				ASSETCATALOG_COMPILER_APPICON_NAME = AppIcon;
				CODE_SIGN_STYLE = Automatic;
				INFOPLIST_FILE = "$(SRCROOT)/collectionView_team/Supporting files/Info.plist";
				LD_RUNPATH_SEARCH_PATHS = (
					"$(inherited)",
					"@executable_path/Frameworks",
				);
				PRODUCT_BUNDLE_IDENTIFIER = "fr.carolinezaini.collectionView-team";
				PRODUCT_NAME = "$(TARGET_NAME)";
				SWIFT_VERSION = 5.0;
				TARGETED_DEVICE_FAMILY = "1,2";
			};
			name = Release;
		};
/* End XCBuildConfiguration section */

/* Begin XCConfigurationList section */
		BDC0C57424894ECF0034DC36 /* Build configuration list for PBXProject "collectionView_team" */ = {
			isa = XCConfigurationList;
			buildConfigurations = (
				BDC0C58B24894ED60034DC36 /* Debug */,
				BDC0C58C24894ED60034DC36 /* Release */,
			);
			defaultConfigurationIsVisible = 0;
			defaultConfigurationName = Release;
		};
		BDC0C58D24894ED60034DC36 /* Build configuration list for PBXNativeTarget "collectionView_team" */ = {
			isa = XCConfigurationList;
			buildConfigurations = (
				BDC0C58E24894ED60034DC36 /* Debug */,
				BDC0C58F24894ED60034DC36 /* Release */,
			);
			defaultConfigurationIsVisible = 0;
			defaultConfigurationName = Release;
		};
/* End XCConfigurationList section */
	};
	rootObject = BDC0C57124894ECE0034DC36 /* Project object */;
}
